
Microsoft Visual Studio Solution File, Format Version 12.00
# Visual Studio Version 16
VisualStudioVersion = 16.0.32510.428
MinimumVisualStudioVersion = 10.0.40219.1
Project("{FAE04EC0-301F-11D3-BF4B-00C04F79EFBC}") = "IpAddresses", "IpAddresses.csproj", "{5F0E1FAF-115D-4020-BF36-A8141C67C1D2}"
EndProject
Global
	GlobalSection(SolutionConfigurationPlatforms) = preSolution
		Debug|Any CPU = Debug|Any CPU
		Release|Any CPU = Release|Any CPU
	EndGlobalSection
	GlobalSection(ProjectConfigurationPlatforms) = postSolution
		{5F0E1FAF-115D-4020-BF36-A8141C67C1D2}.Debug|Any CPU.ActiveCfg = Debug|Any CPU
		{5F0E1FAF-115D-4020-BF36-A8141C67C1D2}.Debug|Any CPU.Build.0 = Debug|Any CPU
		{5F0E1FAF-115D-4020-BF36-A8141C67C1D2}.Release|Any CPU.ActiveCfg = Release|Any CPU
		{5F0E1FAF-115D-4020-BF36-A8141C67C1D2}.Release|Any CPU.Build.0 = Release|Any CPU
	EndGlobalSection
	GlobalSection(SolutionProperties) = preSolution
		HideSolutionNode = FALSE
	EndGlobalSection
	GlobalSection(ExtensibilityGlobals) = postSolution
		SolutionGuid = {33AE5F57-37BA-4065-AAD2-1A9C398C1143}
	EndGlobalSection
EndGlobal
